
Microsoft Visual Studio Solution File, Format Version 12.00
# Visual Studio Version 17
VisualStudioVersion = 17.14.37012.4
MinimumVisualStudioVersion = 10.0.40219.1
Project("{FAE04EC0-301F-11D3-BF4B-00C04F79EFBC}") = "StarForged_Claude_MCP.Embeddings", "StarForged_Claude_MCP.Embeddings\StarForged_Claude_MCP.Embeddings.csproj", "{67EA686C-F4EC-43BA-A3F5-BC0258CC0D6A}"
EndProject
Project("{FAE04EC0-301F-11D3-BF4B-00C04F79EFBC}") = "StarForged_Claude_MCP.Server", "StarForged_Claude_MCP.Server\StarForged_Claude_MCP.Server.csproj", "{0C27540F-D2B2-41B0-A4AC-CF727F4DB665}"
EndProject
Project("{FAE04EC0-301F-11D3-BF4B-00C04F79EFBC}") = "StarForged_Claude_MCP.ConsoleAccess", "StarForged_Claude_MCP.ConsoleAccess\StarForged_Claude_MCP.ConsoleAccess.csproj", "{C845689F-CD9A-4E50-BA71-6770318FCAD3}"
EndProject
Project("{FAE04EC0-301F-11D3-BF4B-00C04F79EFBC}") = "StarForged_Claude_MCP.Tests", "StarForged_Claude_MCP.Tests\StarForged_Claude_MCP.Tests.csproj", "{2CD091B6-3976-4C53-86E0-21B474BBA24D}"
EndProject
Global
	GlobalSection(SolutionConfigurationPlatforms) = preSolution
		Debug|Any CPU = Debug|Any CPU
		Debug|x64 = Debug|x64
		Debug|x86 = Debug|x86
		Release|Any CPU = Release|Any CPU
		Release|x64 = Release|x64
		Release|x86 = Release|x86
	EndGlobalSection
	GlobalSection(ProjectConfigurationPlatforms) = postSolution
		{67EA686C-F4EC-43BA-A3F5-BC0258CC0D6A}.Debug|Any CPU.ActiveCfg = Debug|Any CPU
		{67EA686C-F4EC-43BA-A3F5-BC0258CC0D6A}.Debug|Any CPU.Build.0 = Debug|Any CPU
		{67EA686C-F4EC-43BA-A3F5-BC0258CC0D6A}.Debug|x64.ActiveCfg = Debug|Any CPU
		{67EA686C-F4EC-43BA-A3F5-BC0258CC0D6A}.Debug|x64.Build.0 = Debug|Any CPU
		{67EA686C-F4EC-43BA-A3F5-BC0258CC0D6A}.Debug|x86.ActiveCfg = Debug|Any CPU
		{67EA686C-F4EC-43BA-A3F5-BC0258CC0D6A}.Debug|x86.Build.0 = Debug|Any CPU
		{67EA686C-F4EC-43BA-A3F5-BC0258CC0D6A}.Release|Any CPU.ActiveCfg = Release|Any CPU
		{67EA686C-F4EC-43BA-A3F5-BC0258CC0D6A}.Release|Any CPU.Build.0 = Release|Any CPU
		{67EA686C-F4EC-43BA-A3F5-BC0258CC0D6A}.Release|x64.ActiveCfg = Release|Any CPU
		{67EA686C-F4EC-43BA-A3F5-BC0258CC0D6A}.Release|x64.Build.0 = Release|Any CPU
		{67EA686C-F4EC-43BA-A3F5-BC0258CC0D6A}.Release|x86.ActiveCfg = Release|Any CPU
		{67EA686C-F4EC-43BA-A3F5-BC0258CC0D6A}.Release|x86.Build.0 = Release|Any CPU
		{0C27540F-D2B2-41B0-A4AC-CF727F4DB665}.Debug|Any CPU.ActiveCfg = Debug|Any CPU
		{0C27540F-D2B2-41B0-A4AC-CF727F4DB665}.Debug|Any CPU.Build.0 = Debug|Any CPU
		{0C27540F-D2B2-41B0-A4AC-CF727F4DB665}.Debug|x64.ActiveCfg = Debug|Any CPU
		{0C27540F-D2B2-41B0-A4AC-CF727F4DB665}.Debug|x64.Build.0 = Debug|Any CPU
		{0C27540F-D2B2-41B0-A4AC-CF727F4DB665}.Debug|x86.ActiveCfg = Debug|Any CPU
		{0C27540F-D2B2-41B0-A4AC-CF727F4DB665}.Debug|x86.Build.0 = Debug|Any CPU
		{0C27540F-D2B2-41B0-A4AC-CF727F4DB665}.Release|Any CPU.ActiveCfg = Release|Any CPU
		{0C27540F-D2B2-41B0-A4AC-CF727F4DB665}.Release|Any CPU.Build.0 = Release|Any CPU
		{0C27540F-D2B2-41B0-A4AC-CF727F4DB665}.Release|x64.ActiveCfg = Release|Any CPU
		{0C27540F-D2B2-41B0-A4AC-CF727F4DB665}.Release|x64.Build.0 = Release|Any CPU
		{0C27540F-D2B2-41B0-A4AC-CF727F4DB665}.Release|x86.ActiveCfg = Release|Any CPU
		{0C27540F-D2B2-41B0-A4AC-CF727F4DB665}.Release|x86.Build.0 = Release|Any CPU
		{C845689F-CD9A-4E50-BA71-6770318FCAD3}.Debug|Any CPU.ActiveCfg = Debug|Any CPU
		{C845689F-CD9A-4E50-BA71-6770318FCAD3}.Debug|Any CPU.Build.0 = Debug|Any CPU
		{C845689F-CD9A-4E50-BA71-6770318FCAD3}.Debug|x64.ActiveCfg = Debug|Any CPU
		{C845689F-CD9A-4E50-BA71-6770318FCAD3}.Debug|x64.Build.0 = Debug|Any CPU
		{C845689F-CD9A-4E50-BA71-6770318FCAD3}.Debug|x86.ActiveCfg = Debug|Any CPU
		{C845689F-CD9A-4E50-BA71-6770318FCAD3}.Debug|x86.Build.0 = Debug|Any CPU
		{C845689F-CD9A-4E50-BA71-6770318FCAD3}.Release|Any CPU.ActiveCfg = Release|Any CPU
		{C845689F-CD9A-4E50-BA71-6770318FCAD3}.Release|Any CPU.Build.0 = Release|Any CPU
		{C845689F-CD9A-4E50-BA71-6770318FCAD3}.Release|x64.ActiveCfg = Release|Any CPU
		{C845689F-CD9A-4E50-BA71-6770318FCAD3}.Release|x64.Build.0 = Release|Any CPU
		{C845689F-CD9A-4E50-BA71-6770318FCAD3}.Release|x86.ActiveCfg = Release|Any CPU
		{C845689F-CD9A-4E50-BA71-6770318FCAD3}.Release|x86.Build.0 = Release|Any CPU
		{2CD091B6-3976-4C53-86E0-21B474BBA24D}.Debug|Any CPU.ActiveCfg = Debug|Any CPU
		{2CD091B6-3976-4C53-86E0-21B474BBA24D}.Debug|Any CPU.Build.0 = Debug|Any CPU
		{2CD091B6-3976-4C53-86E0-21B474BBA24D}.Debug|x64.ActiveCfg = Debug|Any CPU
		{2CD091B6-3976-4C53-86E0-21B474BBA24D}.Debug|x64.Build.0 = Debug|Any CPU
		{2CD091B6-3976-4C53-86E0-21B474BBA24D}.Debug|x86.ActiveCfg = Debug|Any CPU
		{2CD091B6-3976-4C53-86E0-21B474BBA24D}.Debug|x86.Build.0 = Debug|Any CPU
		{2CD091B6-3976-4C53-86E0-21B474BBA24D}.Release|Any CPU.ActiveCfg = Release|Any CPU
		{2CD091B6-3976-4C53-86E0-21B474BBA24D}.Release|Any CPU.Build.0 = Release|Any CPU
		{2CD091B6-3976-4C53-86E0-21B474BBA24D}.Release|x64.ActiveCfg = Release|Any CPU
		{2CD091B6-3976-4C53-86E0-21B474BBA24D}.Release|x64.Build.0 = Release|Any CPU
		{2CD091B6-3976-4C53-86E0-21B474BBA24D}.Release|x86.ActiveCfg = Release|Any CPU
		{2CD091B6-3976-4C53-86E0-21B474BBA24D}.Release|x86.Build.0 = Release|Any CPU
	EndGlobalSection
	GlobalSection(SolutionProperties) = preSolution
		HideSolutionNode = FALSE
	EndGlobalSection
	GlobalSection(ExtensibilityGlobals) = postSolution
		SolutionGuid = {73CB7713-3DB3-4D1E-816C-4E70FBF3E7AA}
	EndGlobalSection
EndGlobal
